// !$*UTF8*$!
{
	archiveVersion = 1;
	classes = {
	};
	objectVersion = 56;
	objects = {

/* Begin PBXBuildFile section */
		FEBF1DCA2986BB4400FD4760 /* AppDelegate.swift in Sources */ = {isa = PBXBuildFile; fileRef = FEBF1DC92986BB4400FD4760 /* AppDelegate.swift */; };
		FEBF1DCC2986BB4400FD4760 /* SceneDelegate.swift in Sources */ = {isa = PBXBuildFile; fileRef = FEBF1DCB2986BB4400FD4760 /* SceneDelegate.swift */; };
		FEBF1DCE2986BB4400FD4760 /* EggTimerViewController.swift in Sources */ = {isa = PBXBuildFile; fileRef = FEBF1DCD2986BB4400FD4760 /* EggTimerViewController.swift */; };
		FEBF1DD12986BB4400FD4760 /* Main.storyboard in Resources */ = {isa = PBXBuildFile; fileRef = FEBF1DCF2986BB4400FD4760 /* Main.storyboard */; };
		FEBF1DD32986BB4600FD4760 /* Assets.xcassets in Resources */ = {isa = PBXBuildFile; fileRef = FEBF1DD22986BB4600FD4760 /* Assets.xcassets */; };
		FEBF1DD62986BB4600FD4760 /* LaunchScreen.storyboard in Resources */ = {isa = PBXBuildFile; fileRef = FEBF1DD42986BB4600FD4760 /* LaunchScreen.storyboard */; };
		FEE2CDEB2989A4B0002DAA6F /* guitar_alarm_sound.wav in Resources */ = {isa = PBXBuildFile; fileRef = FEE2CDEA2989A4B0002DAA6F /* guitar_alarm_sound.wav */; };
/* End PBXBuildFile section */

/* Begin PBXFileReference section */
		FEBF1DC62986BB4400FD4760 /* KAJU.app */ = {isa = PBXFileReference; explicitFileType = wrapper.application; includeInIndex = 0; path = KAJU.app; sourceTree = BUILT_PRODUCTS_DIR; };
		FEBF1DC92986BB4400FD4760 /* AppDelegate.swift */ = {isa = PBXFileReference; lastKnownFileType = sourcecode.swift; path = AppDelegate.swift; sourceTree = "<group>"; };
		FEBF1DCB2986BB4400FD4760 /* SceneDelegate.swift */ = {isa = PBXFileReference; lastKnownFileType = sourcecode.swift; path = SceneDelegate.swift; sourceTree = "<group>"; };
		FEBF1DCD2986BB4400FD4760 /* EggTimerViewController.swift */ = {isa = PBXFileReference; lastKnownFileType = sourcecode.swift; path = EggTimerViewController.swift; sourceTree = "<group>"; };
		FEBF1DD02986BB4400FD4760 /* Base */ = {isa = PBXFileReference; lastKnownFileType = file.storyboard; name = Base; path = Base.lproj/Main.storyboard; sourceTree = "<group>"; };
		FEBF1DD22986BB4600FD4760 /* Assets.xcassets */ = {isa = PBXFileReference; lastKnownFileType = folder.assetcatalog; path = Assets.xcassets; sourceTree = "<group>"; };
		FEBF1DD52986BB4600FD4760 /* Base */ = {isa = PBXFileReference; lastKnownFileType = file.storyboard; name = Base; path = Base.lproj/LaunchScreen.storyboard; sourceTree = "<group>"; };
		FEBF1DD72986BB4600FD4760 /* Info.plist */ = {isa = PBXFileReference; lastKnownFileType = text.plist.xml; path = Info.plist; sourceTree = "<group>"; };
		FEE2CDEA2989A4B0002DAA6F /* guitar_alarm_sound.wav */ = {isa = PBXFileReference; lastKnownFileType = audio.wav; path = guitar_alarm_sound.wav; sourceTree = "<group>"; };
/* End PBXFileReference section */

/* Begin PBXFrameworksBuildPhase section */
		FEBF1DC32986BB4400FD4760 /* Frameworks */ = {
			isa = PBXFrameworksBuildPhase;
			buildActionMask = 2147483647;
			files = (
			);
			runOnlyForDeploymentPostprocessing = 0;
		};
/* End PBXFrameworksBuildPhase section */

/* Begin PBXGroup section */
		FEBF1DBD2986BB4400FD4760 = {
			isa = PBXGroup;
			children = (
				FEBF1DC82986BB4400FD4760 /* KAJU */,
				FEBF1DC72986BB4400FD4760 /* Products */,
			);
			sourceTree = "<group>";
		};
		FEBF1DC72986BB4400FD4760 /* Products */ = {
			isa = PBXGroup;
			children = (
				FEBF1DC62986BB4400FD4760 /* KAJU.app */,
			);
			name = Products;
			sourceTree = "<group>";
		};
		FEBF1DC82986BB4400FD4760 /* KAJU */ = {
			isa = PBXGroup;
			children = (
				FEE2CDE129892A5B002DAA6F /* Model */,
				FEE2CDE229892A6B002DAA6F /* View */,
				FEE2CDE329892A73002DAA6F /* Controller */,
				FEBF1DC92986BB4400FD4760 /* AppDelegate.swift */,
				FEBF1DCB2986BB4400FD4760 /* SceneDelegate.swift */,
				FEBF1DD22986BB4600FD4760 /* Assets.xcassets */,
				FEBF1DD72986BB4600FD4760 /* Info.plist */,
				FEE2CDEA2989A4B0002DAA6F /* guitar_alarm_sound.wav */,
			);
			path = KAJU;
			sourceTree = "<group>";
		};
		FEE2CDE129892A5B002DAA6F /* Model */ = {
			isa = PBXGroup;
			children = (
			);
			path = Model;
			sourceTree = "<group>";
		};
		FEE2CDE229892A6B002DAA6F /* View */ = {
			isa = PBXGroup;
			children = (
				FEBF1DCF2986BB4400FD4760 /* Main.storyboard */,
				FEBF1DD42986BB4600FD4760 /* LaunchScreen.storyboard */,
			);
			path = View;
			sourceTree = "<group>";
		};
		FEE2CDE329892A73002DAA6F /* Controller */ = {
			isa = PBXGroup;
			children = (
				FEBF1DCD2986BB4400FD4760 /* EggTimerViewController.swift */,
			);
			path = Controller;
			sourceTree = "<group>";
		};
/* End PBXGroup section */

/* Begin PBXNativeTarget section */
		FEBF1DC52986BB4400FD4760 /* KAJU */ = {
			isa = PBXNativeTarget;
			buildConfigurationList = FEBF1DDA2986BB4600FD4760 /* Build configuration list for PBXNativeTarget "KAJU" */;
			buildPhases = (
				FEBF1DC22986BB4400FD4760 /* Sources */,
				FEBF1DC32986BB4400FD4760 /* Frameworks */,
				FEBF1DC42986BB4400FD4760 /* Resources */,
			);
			buildRules = (
			);
			dependencies = (
			);
			name = KAJU;
			productName = KAJU;
			productReference = FEBF1DC62986BB4400FD4760 /* KAJU.app */;
			productType = "com.apple.product-type.application";
		};
/* End PBXNativeTarget section */

/* Begin PBXProject section */
		FEBF1DBE2986BB4400FD4760 /* Project object */ = {
			isa = PBXProject;
			attributes = {
				BuildIndependentTargetsInParallel = 1;
				LastSwiftUpdateCheck = 1410;
				LastUpgradeCheck = 1410;
				TargetAttributes = {
					FEBF1DC52986BB4400FD4760 = {
						CreatedOnToolsVersion = 14.1;
					};
				};
			};
			buildConfigurationList = FEBF1DC12986BB4400FD4760 /* Build configuration list for PBXProject "KAJU" */;
			compatibilityVersion = "Xcode 14.0";
			developmentRegion = en;
			hasScannedForEncodings = 0;
			knownRegions = (
				en,
				Base,
			);
			mainGroup = FEBF1DBD2986BB4400FD4760;
			productRefGroup = FEBF1DC72986BB4400FD4760 /* Products */;
			projectDirPath = "";
			projectRoot = "";
			targets = (
				FEBF1DC52986BB4400FD4760 /* KAJU */,
			);
		};
/* End PBXProject section */

/* Begin PBXResourcesBuildPhase section */
		FEBF1DC42986BB4400FD4760 /* Resources */ = {
			isa = PBXResourcesBuildPhase;
			buildActionMask = 2147483647;
			files = (
				FEBF1DD62986BB4600FD4760 /* LaunchScreen.storyboard in Resources */,
				FEE2CDEB2989A4B0002DAA6F /* guitar_alarm_sound.wav in Resources */,
				FEBF1DD32986BB4600FD4760 /* Assets.xcassets in Resources */,
				FEBF1DD12986BB4400FD4760 /* Main.storyboard in Resources */,
			);
			runOnlyForDeploymentPostprocessing = 0;
		};
/* End PBXResourcesBuildPhase section */

/* Begin PBXSourcesBuildPhase section */
		FEBF1DC22986BB4400FD4760 /* Sources */ = {
			isa = PBXSourcesBuildPhase;
			buildActionMask = 2147483647;
			files = (
				FEBF1DCE2986BB4400FD4760 /* EggTimerViewController.swift in Sources */,
				FEBF1DCA2986BB4400FD4760 /* AppDelegate.swift in Sources */,
				FEBF1DCC2986BB4400FD4760 /* SceneDelegate.swift in Sources */,
			);
			runOnlyForDeploymentPostprocessing = 0;
		};
/* End PBXSourcesBuildPhase section */

/* Begin PBXVariantGroup section */
		FEBF1DCF2986BB4400FD4760 /* Main.storyboard */ = {
			isa = PBXVariantGroup;
			children = (
				FEBF1DD02986BB4400FD4760 /* Base */,
			);
			name = Main.storyboard;
			sourceTree = "<group>";
		};
		FEBF1DD42986BB4600FD4760 /* LaunchScreen.storyboard */ = {
			isa = PBXVariantGroup;
			children = (
				FEBF1DD52986BB4600FD4760 /* Base */,
			);
			name = LaunchScreen.storyboard;
			sourceTree = "<group>";
		};
/* End PBXVariantGroup section */

/* Begin XCBuildConfiguration section */
		FEBF1DD82986BB4600FD4760 /* Debug */ = {
			isa = XCBuildConfiguration;
			buildSettings = {
				ALWAYS_SEARCH_USER_PATHS = NO;
				CLANG_ANALYZER_NONNULL = YES;
				CLANG_ANALYZER_NUMBER_OBJECT_CONVERSION = YES_AGGRESSIVE;
				CLANG_CXX_LANGUAGE_STANDARD = "gnu++20";
				CLANG_ENABLE_MODULES = YES;
				CLANG_ENABLE_OBJC_ARC = YES;
				CLANG_ENABLE_OBJC_WEAK = YES;
				CLANG_WARN_BLOCK_CAPTURE_AUTORELEASING = YES;
				CLANG_WARN_BOOL_CONVERSION = YES;
				CLANG_WARN_COMMA = YES;
				CLANG_WARN_CONSTANT_CONVERSION = YES;
				CLANG_WARN_DEPRECATED_OBJC_IMPLEMENTATIONS = YES;
				CLANG_WARN_DIRECT_OBJC_ISA_USAGE = YES_ERROR;
				CLANG_WARN_DOCUMENTATION_COMMENTS = YES;
				CLANG_WARN_EMPTY_BODY = YES;
				CLANG_WARN_ENUM_CONVERSION = YES;
				CLANG_WARN_INFINITE_RECURSION = YES;
				CLANG_WARN_INT_CONVERSION = YES;
				CLANG_WARN_NON_LITERAL_NULL_CONVERSION = YES;
				CLANG_WARN_OBJC_IMPLICIT_RETAIN_SELF = YES;
				CLANG_WARN_OBJC_LITERAL_CONVERSION = YES;
				CLANG_WARN_OBJC_ROOT_CLASS = YES_ERROR;
				CLANG_WARN_QUOTED_INCLUDE_IN_FRAMEWORK_HEADER = YES;
				CLANG_WARN_RANGE_LOOP_ANALYSIS = YES;
				CLANG_WARN_STRICT_PROTOTYPES = YES;
				CLANG_WARN_SUSPICIOUS_MOVE = YES;
				CLANG_WARN_UNGUARDED_AVAILABILITY = YES_AGGRESSIVE;
				CLANG_WARN_UNREACHABLE_CODE = YES;
				CLANG_WARN__DUPLICATE_METHOD_MATCH = YES;
				COPY_PHASE_STRIP = NO;
				DEBUG_INFORMATION_FORMAT = dwarf;
				ENABLE_STRICT_OBJC_MSGSEND = YES;
				ENABLE_TESTABILITY = YES;
				GCC_C_LANGUAGE_STANDARD = gnu11;
				GCC_DYNAMIC_NO_PIC = NO;
				GCC_NO_COMMON_BLOCKS = YES;
				GCC_OPTIMIZATION_LEVEL = 0;
				GCC_PREPROCESSOR_DEFINITIONS = (
					"DEBUG=1",
					"$(inherited)",
				);
				GCC_WARN_64_TO_32_BIT_CONVERSION = YES;
				GCC_WARN_ABOUT_RETURN_TYPE = YES_ERROR;
				GCC_WARN_UNDECLARED_SELECTOR = YES;
				GCC_WARN_UNINITIALIZED_AUTOS = YES_AGGRESSIVE;
				GCC_WARN_UNUSED_FUNCTION = YES;
				GCC_WARN_UNUSED_VARIABLE = YES;
				IPHONEOS_DEPLOYMENT_TARGET = 16.1;
				MTL_ENABLE_DEBUG_INFO = INCLUDE_SOURCE;
				MTL_FAST_MATH = YES;
				ONLY_ACTIVE_ARCH = YES;
				SDKROOT = iphoneos;
				SWIFT_ACTIVE_COMPILATION_CONDITIONS = DEBUG;
				SWIFT_OPTIMIZATION_LEVEL = "-Onone";
			};
			name = Debug;
		};
		FEBF1DD92986BB4600FD4760 /* Release */ = {
			isa = XCBuildConfiguration;
			buildSettings = {
				ALWAYS_SEARCH_USER_PATHS = NO;
				CLANG_ANALYZER_NONNULL = YES;
				CLANG_ANALYZER_NUMBER_OBJECT_CONVERSION = YES_AGGRESSIVE;
				CLANG_CXX_LANGUAGE_STANDARD = "gnu++20";
				CLANG_ENABLE_MODULES = YES;
				CLANG_ENABLE_OBJC_ARC = YES;
				CLANG_ENABLE_OBJC_WEAK = YES;
				CLANG_WARN_BLOCK_CAPTURE_AUTORELEASING = YES;
				CLANG_WARN_BOOL_CONVERSION = YES;
				CLANG_WARN_COMMA = YES;
				CLANG_WARN_CONSTANT_CONVERSION = YES;
				CLANG_WARN_DEPRECATED_OBJC_IMPLEMENTATIONS = YES;
				CLANG_WARN_DIRECT_OBJC_ISA_USAGE = YES_ERROR;
				CLANG_WARN_DOCUMENTATION_COMMENTS = YES;
				CLANG_WARN_EMPTY_BODY = YES;
				CLANG_WARN_ENUM_CONVERSION = YES;
				CLANG_WARN_INFINITE_RECURSION = YES;
				CLANG_WARN_INT_CONVERSION = YES;
				CLANG_WARN_NON_LITERAL_NULL_CONVERSION = YES;
				CLANG_WARN_OBJC_IMPLICIT_RETAIN_SELF = YES;
				CLANG_WARN_OBJC_LITERAL_CONVERSION = YES;
				CLANG_WARN_OBJC_ROOT_CLASS = YES_ERROR;
				CLANG_WARN_QUOTED_INCLUDE_IN_FRAMEWORK_HEADER = YES;
				CLANG_WARN_RANGE_LOOP_ANALYSIS = YES;
				CLANG_WARN_STRICT_PROTOTYPES = YES;
				CLANG_WARN_SUSPICIOUS_MOVE = YES;
				CLANG_WARN_UNGUARDED_AVAILABILITY = YES_AGGRESSIVE;
				CLANG_WARN_UNREACHABLE_CODE = YES;
				CLANG_WARN__DUPLICATE_METHOD_MATCH = YES;
				COPY_PHASE_STRIP = NO;
				DEBUG_INFORMATION_FORMAT = "dwarf-with-dsym";
				ENABLE_NS_ASSERTIONS = NO;
				ENABLE_STRICT_OBJC_MSGSEND = YES;
				GCC_C_LANGUAGE_STANDARD = gnu11;
				GCC_NO_COMMON_BLOCKS = YES;
				GCC_WARN_64_TO_32_BIT_CONVERSION = YES;
				GCC_WARN_ABOUT_RETURN_TYPE = YES_ERROR;
				GCC_WARN_UNDECLARED_SELECTOR = YES;
				GCC_WARN_UNINITIALIZED_AUTOS = YES_AGGRESSIVE;
				GCC_WARN_UNUSED_FUNCTION = YES;
				GCC_WARN_UNUSED_VARIABLE = YES;
				IPHONEOS_DEPLOYMENT_TARGET = 16.1;
				MTL_ENABLE_DEBUG_INFO = NO;
				MTL_FAST_MATH = YES;
				SDKROOT = iphoneos;
				SWIFT_COMPILATION_MODE = wholemodule;
				SWIFT_OPTIMIZATION_LEVEL = "-O";
				VALIDATE_PRODUCT = YES;
			};
			name = Release;
		};
		FEBF1DDB2986BB4600FD4760 /* Debug */ = {
			isa = XCBuildConfiguration;
			buildSettings = {
				ASSETCATALOG_COMPILER_APPICON_NAME = AppIcon;
				ASSETCATALOG_COMPILER_GLOBAL_ACCENT_COLOR_NAME = AccentColor;
				CODE_SIGN_STYLE = Automatic;
				CURRENT_PROJECT_VERSION = 1;
				GENERATE_INFOPLIST_FILE = YES;
				INFOPLIST_FILE = KAJU/Info.plist;
				INFOPLIST_KEY_UIApplicationSupportsIndirectInputEvents = YES;
				INFOPLIST_KEY_UILaunchStoryboardName = LaunchScreen;
				INFOPLIST_KEY_UIMainStoryboardFile = Main;
				INFOPLIST_KEY_UISupportedInterfaceOrientations_iPad = "UIInterfaceOrientationPortrait UIInterfaceOrientationPortraitUpsideDown UIInterfaceOrientationLandscapeLeft UIInterfaceOrientationLandscapeRight";
				INFOPLIST_KEY_UISupportedInterfaceOrientations_iPhone = "UIInterfaceOrientationPortrait UIInterfaceOrientationLandscapeLeft UIInterfaceOrientationLandscapeRight";
				LD_RUNPATH_SEARCH_PATHS = (
					"$(inherited)",
					"@executable_path/Frameworks",
				);
				MARKETING_VERSION = 1.0;
				PRODUCT_BUNDLE_IDENTIFIER = com.duhanboblanli.KAJU;
				PRODUCT_NAME = "$(TARGET_NAME)";
				SWIFT_EMIT_LOC_STRINGS = YES;
				SWIFT_VERSION = 5.0;
				TARGETED_DEVICE_FAMILY = "1,2";
			};
			name = Debug;
		};
		FEBF1DDC2986BB4600FD4760 /* Release */ = {
			isa = XCBuildConfiguration;
			buildSettings = {
				ASSETCATALOG_COMPILER_APPICON_NAME = AppIcon;
				ASSETCATALOG_COMPILER_GLOBAL_ACCENT_COLOR_NAME = AccentColor;
				CODE_SIGN_STYLE = Automatic;
				CURRENT_PROJECT_VERSION = 1;
				GENERATE_INFOPLIST_FILE = YES;
				INFOPLIST_FILE = KAJU/Info.plist;
				INFOPLIST_KEY_UIApplicationSupportsIndirectInputEvents = YES;
				INFOPLIST_KEY_UILaunchStoryboardName = LaunchScreen;
				INFOPLIST_KEY_UIMainStoryboardFile = Main;
				INFOPLIST_KEY_UISupportedInterfaceOrientations_iPad = "UIInterfaceOrientationPortrait UIInterfaceOrientationPortraitUpsideDown UIInterfaceOrientationLandscapeLeft UIInterfaceOrientationLandscapeRight";
				INFOPLIST_KEY_UISupportedInterfaceOrientations_iPhone = "UIInterfaceOrientationPortrait UIInterfaceOrientationLandscapeLeft UIInterfaceOrientationLandscapeRight";
				LD_RUNPATH_SEARCH_PATHS = (
					"$(inherited)",
					"@executable_path/Frameworks",
				);
				MARKETING_VERSION = 1.0;
				PRODUCT_BUNDLE_IDENTIFIER = com.duhanboblanli.KAJU;
				PRODUCT_NAME = "$(TARGET_NAME)";
				SWIFT_EMIT_LOC_STRINGS = YES;
				SWIFT_VERSION = 5.0;
				TARGETED_DEVICE_FAMILY = "1,2";
			};
			name = Release;
		};
/* End XCBuildConfiguration section */

/* Begin XCConfigurationList section */
		FEBF1DC12986BB4400FD4760 /* Build configuration list for PBXProject "KAJU" */ = {
			isa = XCConfigurationList;
			buildConfigurations = (
				FEBF1DD82986BB4600FD4760 /* Debug */,
				FEBF1DD92986BB4600FD4760 /* Release */,
			);
			defaultConfigurationIsVisible = 0;
			defaultConfigurationName = Release;
		};
		FEBF1DDA2986BB4600FD4760 /* Build configuration list for PBXNativeTarget "KAJU" */ = {
			isa = XCConfigurationList;
			buildConfigurations = (
				FEBF1DDB2986BB4600FD4760 /* Debug */,
				FEBF1DDC2986BB4600FD4760 /* Release */,
			);
			defaultConfigurationIsVisible = 0;
			defaultConfigurationName = Release;
		};
/* End XCConfigurationList section */
	};
	rootObject = FEBF1DBE2986BB4400FD4760 /* Project object */;
}
