// !$*UTF8*$!
{
	archiveVersion = 1;
	classes = {
	};
	objectVersion = 56;
	objects = {

/* Begin PBXBuildFile section */
		2D850C3F299BFA6F00A525F0 /* Model.swift in Sources */ = {isa = PBXBuildFile; fileRef = 2D850C3E299BFA6F00A525F0 /* Model.swift */; };
		2D850C41299BFA8E00A525F0 /* ApiService.swift in Sources */ = {isa = PBXBuildFile; fileRef = 2D850C40299BFA8E00A525F0 /* ApiService.swift */; };
		2D850C43299BFAAD00A525F0 /* FoodViewModel.swift in Sources */ = {isa = PBXBuildFile; fileRef = 2D850C42299BFAAD00A525F0 /* FoodViewModel.swift */; };
		33BBF98882CBF449C942A21C /* Pods_KAJU.framework in Frameworks */ = {isa = PBXBuildFile; fileRef = CAF2C5DAE50E9AB50509E94F /* Pods_KAJU.framework */; };
		FE08EA90298F06EC008BDC6A /* CalculatorBrain.swift in Sources */ = {isa = PBXBuildFile; fileRef = FE08EA8F298F06EC008BDC6A /* CalculatorBrain.swift */; };
		FE08EA92298F0798008BDC6A /* MainViewController.swift in Sources */ = {isa = PBXBuildFile; fileRef = FE08EA91298F0798008BDC6A /* MainViewController.swift */; };
		FE0BB00A299519690062E096 /* GoogleService-Info.plist in Resources */ = {isa = PBXBuildFile; fileRef = FE0BB009299519690062E096 /* GoogleService-Info.plist */; };
		FE0BB00C29958C320062E096 /* GoalViewController.swift in Sources */ = {isa = PBXBuildFile; fileRef = FE0BB00B29958C320062E096 /* GoalViewController.swift */; };
		FE1432662991E131000F762D /* LogInViewController.swift in Sources */ = {isa = PBXBuildFile; fileRef = FE1432652991E131000F762D /* LogInViewController.swift */; };
		FE1F72C529969C0D005FFC4B /* ActivenessViewController.swift in Sources */ = {isa = PBXBuildFile; fileRef = FE1F72C429969C0D005FFC4B /* ActivenessViewController.swift */; };
		FE32926D2991AF740075A5B8 /* WelcomeViewController.swift in Sources */ = {isa = PBXBuildFile; fileRef = FE32926C2991AF740075A5B8 /* WelcomeViewController.swift */; };
		FE41A2012997ABA200892346 /* TabBarController.swift in Sources */ = {isa = PBXBuildFile; fileRef = FE41A2002997ABA200892346 /* TabBarController.swift */; };
		FE59984E298B0EDF002CB4DF /* CalculatorViewController.swift in Sources */ = {isa = PBXBuildFile; fileRef = FE59984D298B0EDF002CB4DF /* CalculatorViewController.swift */; };
		FE599850298B1C55002CB4DF /* CalculatorResultViewController.swift in Sources */ = {isa = PBXBuildFile; fileRef = FE59984F298B1C55002CB4DF /* CalculatorResultViewController.swift */; };
		FE5DEF59299ADE7900F13802 /* IQKeyboardManagerSwift in Frameworks */ = {isa = PBXBuildFile; productRef = FE5DEF58299ADE7900F13802 /* IQKeyboardManagerSwift */; };
		FE5DEF5D299BC5AC00F13802 /* FoodsViewController.swift in Sources */ = {isa = PBXBuildFile; fileRef = FE5DEF5C299BC5AC00F13802 /* FoodsViewController.swift */; };
		FE5E92AB298D1C5400947F7A /* BMI.swift in Sources */ = {isa = PBXBuildFile; fileRef = FE5E92AA298D1C5400947F7A /* BMI.swift */; };
		FE95C5502992F44900BCC4A6 /* RegisterViewController.swift in Sources */ = {isa = PBXBuildFile; fileRef = FE95C54F2992F44900BCC4A6 /* RegisterViewController.swift */; };
		FEBF1DCA2986BB4400FD4760 /* AppDelegate.swift in Sources */ = {isa = PBXBuildFile; fileRef = FEBF1DC92986BB4400FD4760 /* AppDelegate.swift */; };
		FEBF1DCC2986BB4400FD4760 /* SceneDelegate.swift in Sources */ = {isa = PBXBuildFile; fileRef = FEBF1DCB2986BB4400FD4760 /* SceneDelegate.swift */; };
		FEBF1DCE2986BB4400FD4760 /* EggTimerViewController.swift in Sources */ = {isa = PBXBuildFile; fileRef = FEBF1DCD2986BB4400FD4760 /* EggTimerViewController.swift */; };
		FEBF1DD12986BB4400FD4760 /* Main.storyboard in Resources */ = {isa = PBXBuildFile; fileRef = FEBF1DCF2986BB4400FD4760 /* Main.storyboard */; };
		FEBF1DD32986BB4600FD4760 /* Assets.xcassets in Resources */ = {isa = PBXBuildFile; fileRef = FEBF1DD22986BB4600FD4760 /* Assets.xcassets */; };
		FEBF1DD62986BB4600FD4760 /* LaunchScreen.storyboard in Resources */ = {isa = PBXBuildFile; fileRef = FEBF1DD42986BB4600FD4760 /* LaunchScreen.storyboard */; };
		FEE2CDEB2989A4B0002DAA6F /* guitar_alarm_sound.wav in Resources */ = {isa = PBXBuildFile; fileRef = FEE2CDEA2989A4B0002DAA6F /* guitar_alarm_sound.wav */; };
/* End PBXBuildFile section */

/* Begin PBXFileReference section */
		19C1B6341DC89EDF1E04D0D4 /* Pods-KAJU.release.xcconfig */ = {isa = PBXFileReference; includeInIndex = 1; lastKnownFileType = text.xcconfig; name = "Pods-KAJU.release.xcconfig"; path = "Target Support Files/Pods-KAJU/Pods-KAJU.release.xcconfig"; sourceTree = "<group>"; };
		2D850C3E299BFA6F00A525F0 /* Model.swift */ = {isa = PBXFileReference; lastKnownFileType = sourcecode.swift; path = Model.swift; sourceTree = "<group>"; };
		2D850C40299BFA8E00A525F0 /* ApiService.swift */ = {isa = PBXFileReference; lastKnownFileType = sourcecode.swift; path = ApiService.swift; sourceTree = "<group>"; };
		2D850C42299BFAAD00A525F0 /* FoodViewModel.swift */ = {isa = PBXFileReference; lastKnownFileType = sourcecode.swift; path = FoodViewModel.swift; sourceTree = "<group>"; };
		86387DEFE4A93B11BD601BE5 /* Pods-KAJU.debug.xcconfig */ = {isa = PBXFileReference; includeInIndex = 1; lastKnownFileType = text.xcconfig; name = "Pods-KAJU.debug.xcconfig"; path = "Target Support Files/Pods-KAJU/Pods-KAJU.debug.xcconfig"; sourceTree = "<group>"; };
		CAF2C5DAE50E9AB50509E94F /* Pods_KAJU.framework */ = {isa = PBXFileReference; explicitFileType = wrapper.framework; includeInIndex = 0; path = Pods_KAJU.framework; sourceTree = BUILT_PRODUCTS_DIR; };
		FE08EA8F298F06EC008BDC6A /* CalculatorBrain.swift */ = {isa = PBXFileReference; lastKnownFileType = sourcecode.swift; path = CalculatorBrain.swift; sourceTree = "<group>"; };
		FE08EA91298F0798008BDC6A /* MainViewController.swift */ = {isa = PBXFileReference; lastKnownFileType = sourcecode.swift; path = MainViewController.swift; sourceTree = "<group>"; };
		FE0BB009299519690062E096 /* GoogleService-Info.plist */ = {isa = PBXFileReference; fileEncoding = 4; lastKnownFileType = text.plist.xml; path = "GoogleService-Info.plist"; sourceTree = "<group>"; };
		FE0BB00B29958C320062E096 /* GoalViewController.swift */ = {isa = PBXFileReference; lastKnownFileType = sourcecode.swift; path = GoalViewController.swift; sourceTree = "<group>"; };
		FE1432652991E131000F762D /* LogInViewController.swift */ = {isa = PBXFileReference; lastKnownFileType = sourcecode.swift; path = LogInViewController.swift; sourceTree = "<group>"; };
		FE1F72C429969C0D005FFC4B /* ActivenessViewController.swift */ = {isa = PBXFileReference; lastKnownFileType = sourcecode.swift; path = ActivenessViewController.swift; sourceTree = "<group>"; };
		FE32926C2991AF740075A5B8 /* WelcomeViewController.swift */ = {isa = PBXFileReference; lastKnownFileType = sourcecode.swift; path = WelcomeViewController.swift; sourceTree = "<group>"; };
		FE41A2002997ABA200892346 /* TabBarController.swift */ = {isa = PBXFileReference; lastKnownFileType = sourcecode.swift; path = TabBarController.swift; sourceTree = "<group>"; };
		FE59984D298B0EDF002CB4DF /* CalculatorViewController.swift */ = {isa = PBXFileReference; lastKnownFileType = sourcecode.swift; path = CalculatorViewController.swift; sourceTree = "<group>"; };
		FE59984F298B1C55002CB4DF /* CalculatorResultViewController.swift */ = {isa = PBXFileReference; lastKnownFileType = sourcecode.swift; path = CalculatorResultViewController.swift; sourceTree = "<group>"; };
		FE5DEF5C299BC5AC00F13802 /* FoodsViewController.swift */ = {isa = PBXFileReference; fileEncoding = 4; lastKnownFileType = sourcecode.swift; path = FoodsViewController.swift; sourceTree = "<group>"; };
		FE5E92AA298D1C5400947F7A /* BMI.swift */ = {isa = PBXFileReference; lastKnownFileType = sourcecode.swift; path = BMI.swift; sourceTree = "<group>"; };
		FE95C54F2992F44900BCC4A6 /* RegisterViewController.swift */ = {isa = PBXFileReference; lastKnownFileType = sourcecode.swift; path = RegisterViewController.swift; sourceTree = "<group>"; };
		FEBF1DC62986BB4400FD4760 /* KAJU.app */ = {isa = PBXFileReference; explicitFileType = wrapper.application; includeInIndex = 0; path = KAJU.app; sourceTree = BUILT_PRODUCTS_DIR; };
		FEBF1DC92986BB4400FD4760 /* AppDelegate.swift */ = {isa = PBXFileReference; lastKnownFileType = sourcecode.swift; path = AppDelegate.swift; sourceTree = "<group>"; };
		FEBF1DCB2986BB4400FD4760 /* SceneDelegate.swift */ = {isa = PBXFileReference; lastKnownFileType = sourcecode.swift; path = SceneDelegate.swift; sourceTree = "<group>"; };
		FEBF1DCD2986BB4400FD4760 /* EggTimerViewController.swift */ = {isa = PBXFileReference; lastKnownFileType = sourcecode.swift; path = EggTimerViewController.swift; sourceTree = "<group>"; };
		FEBF1DD02986BB4400FD4760 /* Base */ = {isa = PBXFileReference; lastKnownFileType = file.storyboard; name = Base; path = Base.lproj/Main.storyboard; sourceTree = "<group>"; };
		FEBF1DD22986BB4600FD4760 /* Assets.xcassets */ = {isa = PBXFileReference; lastKnownFileType = folder.assetcatalog; path = Assets.xcassets; sourceTree = "<group>"; };
		FEBF1DD52986BB4600FD4760 /* Base */ = {isa = PBXFileReference; lastKnownFileType = file.storyboard; name = Base; path = Base.lproj/LaunchScreen.storyboard; sourceTree = "<group>"; };
		FEBF1DD72986BB4600FD4760 /* Info.plist */ = {isa = PBXFileReference; lastKnownFileType = text.plist.xml; path = Info.plist; sourceTree = "<group>"; };
		FEE2CDEA2989A4B0002DAA6F /* guitar_alarm_sound.wav */ = {isa = PBXFileReference; lastKnownFileType = audio.wav; path = guitar_alarm_sound.wav; sourceTree = "<group>"; };
/* End PBXFileReference section */

/* Begin PBXFrameworksBuildPhase section */
		FEBF1DC32986BB4400FD4760 /* Frameworks */ = {
			isa = PBXFrameworksBuildPhase;
			buildActionMask = 2147483647;
			files = (
				33BBF98882CBF449C942A21C /* Pods_KAJU.framework in Frameworks */,
				FE5DEF59299ADE7900F13802 /* IQKeyboardManagerSwift in Frameworks */,
			);
			runOnlyForDeploymentPostprocessing = 0;
		};
/* End PBXFrameworksBuildPhase section */

/* Begin PBXGroup section */
		3C87B8F78CDDE88A2FC92486 /* Frameworks */ = {
			isa = PBXGroup;
			children = (
				CAF2C5DAE50E9AB50509E94F /* Pods_KAJU.framework */,
			);
			name = Frameworks;
			sourceTree = "<group>";
		};
		AE167E65BFAC526193EC150F /* Pods */ = {
			isa = PBXGroup;
			children = (
				86387DEFE4A93B11BD601BE5 /* Pods-KAJU.debug.xcconfig */,
				19C1B6341DC89EDF1E04D0D4 /* Pods-KAJU.release.xcconfig */,
			);
			path = Pods;
			sourceTree = "<group>";
		};
		FEBF1DBD2986BB4400FD4760 = {
			isa = PBXGroup;
			children = (
				FEBF1DC82986BB4400FD4760 /* KAJU */,
				FEBF1DC72986BB4400FD4760 /* Products */,
				AE167E65BFAC526193EC150F /* Pods */,
				3C87B8F78CDDE88A2FC92486 /* Frameworks */,
			);
			sourceTree = "<group>";
		};
		FEBF1DC72986BB4400FD4760 /* Products */ = {
			isa = PBXGroup;
			children = (
				FEBF1DC62986BB4400FD4760 /* KAJU.app */,
			);
			name = Products;
			sourceTree = "<group>";
		};
		FEBF1DC82986BB4400FD4760 /* KAJU */ = {
			isa = PBXGroup;
			children = (
				FEBF1DC92986BB4400FD4760 /* AppDelegate.swift */,
				FEBF1DCB2986BB4400FD4760 /* SceneDelegate.swift */,
				FEBF1DD72986BB4600FD4760 /* Info.plist */,
				FE0BB009299519690062E096 /* GoogleService-Info.plist */,
				FEE2CDE129892A5B002DAA6F /* Model */,
				FEE2CDE229892A6B002DAA6F /* View */,
				FEE2CDE329892A73002DAA6F /* Controller */,
				FEBF1DD22986BB4600FD4760 /* Assets.xcassets */,
				FEE2CDEA2989A4B0002DAA6F /* guitar_alarm_sound.wav */,
			);
			path = KAJU;
			sourceTree = "<group>";
		};
		FEE2CDE129892A5B002DAA6F /* Model */ = {
			isa = PBXGroup;
			children = (
				FE5E92AA298D1C5400947F7A /* BMI.swift */,
				FE08EA8F298F06EC008BDC6A /* CalculatorBrain.swift */,
				2D850C3E299BFA6F00A525F0 /* Model.swift */,
				2D850C40299BFA8E00A525F0 /* ApiService.swift */,
				2D850C42299BFAAD00A525F0 /* FoodViewModel.swift */,
			);
			path = Model;
			sourceTree = "<group>";
		};
		FEE2CDE229892A6B002DAA6F /* View */ = {
			isa = PBXGroup;
			children = (
				FEBF1DCF2986BB4400FD4760 /* Main.storyboard */,
				FEBF1DD42986BB4600FD4760 /* LaunchScreen.storyboard */,
			);
			path = View;
			sourceTree = "<group>";
		};
		FEE2CDE329892A73002DAA6F /* Controller */ = {
			isa = PBXGroup;
			children = (
				FE5DEF5C299BC5AC00F13802 /* FoodsViewController.swift */,
				FEBF1DCD2986BB4400FD4760 /* EggTimerViewController.swift */,
				FE41A2002997ABA200892346 /* TabBarController.swift */,
				FE59984D298B0EDF002CB4DF /* CalculatorViewController.swift */,
				FE59984F298B1C55002CB4DF /* CalculatorResultViewController.swift */,
				FE08EA91298F0798008BDC6A /* MainViewController.swift */,
				FE32926C2991AF740075A5B8 /* WelcomeViewController.swift */,
				FE1432652991E131000F762D /* LogInViewController.swift */,
				FE95C54F2992F44900BCC4A6 /* RegisterViewController.swift */,
				FE0BB00B29958C320062E096 /* GoalViewController.swift */,
				FE1F72C429969C0D005FFC4B /* ActivenessViewController.swift */,
			);
			path = Controller;
			sourceTree = "<group>";
		};
/* End PBXGroup section */

/* Begin PBXNativeTarget section */
		FEBF1DC52986BB4400FD4760 /* KAJU */ = {
			isa = PBXNativeTarget;
			buildConfigurationList = FEBF1DDA2986BB4600FD4760 /* Build configuration list for PBXNativeTarget "KAJU" */;
			buildPhases = (
				3AA7736DDFF53F3BFC6FE90B /* [CP] Check Pods Manifest.lock */,
				FEBF1DC22986BB4400FD4760 /* Sources */,
				FEBF1DC32986BB4400FD4760 /* Frameworks */,
				FEBF1DC42986BB4400FD4760 /* Resources */,
				05B972B01BBDDA99B749CA76 /* [CP] Embed Pods Frameworks */,
			);
			buildRules = (
			);
			dependencies = (
			);
			name = KAJU;
			packageProductDependencies = (
				FE5DEF58299ADE7900F13802 /* IQKeyboardManagerSwift */,
			);
			productName = KAJU;
			productReference = FEBF1DC62986BB4400FD4760 /* KAJU.app */;
			productType = "com.apple.product-type.application";
		};
/* End PBXNativeTarget section */

/* Begin PBXProject section */
		FEBF1DBE2986BB4400FD4760 /* Project object */ = {
			isa = PBXProject;
			attributes = {
				BuildIndependentTargetsInParallel = 1;
				LastSwiftUpdateCheck = 1410;
				LastUpgradeCheck = 1410;
				TargetAttributes = {
					FEBF1DC52986BB4400FD4760 = {
						CreatedOnToolsVersion = 14.1;
					};
				};
			};
			buildConfigurationList = FEBF1DC12986BB4400FD4760 /* Build configuration list for PBXProject "KAJU" */;
			compatibilityVersion = "Xcode 14.0";
			developmentRegion = en;
			hasScannedForEncodings = 0;
			knownRegions = (
				en,
				Base,
			);
			mainGroup = FEBF1DBD2986BB4400FD4760;
			packageReferences = (
				FE5DEF57299ADE7900F13802 /* XCRemoteSwiftPackageReference "IQKeyboardManager" */,
			);
			productRefGroup = FEBF1DC72986BB4400FD4760 /* Products */;
			projectDirPath = "";
			projectRoot = "";
			targets = (
				FEBF1DC52986BB4400FD4760 /* KAJU */,
			);
		};
/* End PBXProject section */

/* Begin PBXResourcesBuildPhase section */
		FEBF1DC42986BB4400FD4760 /* Resources */ = {
			isa = PBXResourcesBuildPhase;
			buildActionMask = 2147483647;
			files = (
				FEBF1DD62986BB4600FD4760 /* LaunchScreen.storyboard in Resources */,
				FEE2CDEB2989A4B0002DAA6F /* guitar_alarm_sound.wav in Resources */,
				FE0BB00A299519690062E096 /* GoogleService-Info.plist in Resources */,
				FEBF1DD32986BB4600FD4760 /* Assets.xcassets in Resources */,
				FEBF1DD12986BB4400FD4760 /* Main.storyboard in Resources */,
			);
			runOnlyForDeploymentPostprocessing = 0;
		};
/* End PBXResourcesBuildPhase section */

/* Begin PBXShellScriptBuildPhase section */
		05B972B01BBDDA99B749CA76 /* [CP] Embed Pods Frameworks */ = {
			isa = PBXShellScriptBuildPhase;
			buildActionMask = 2147483647;
			files = (
			);
			inputFileListPaths = (
				"${PODS_ROOT}/Target Support Files/Pods-KAJU/Pods-KAJU-frameworks-${CONFIGURATION}-input-files.xcfilelist",
			);
			name = "[CP] Embed Pods Frameworks";
			outputFileListPaths = (
				"${PODS_ROOT}/Target Support Files/Pods-KAJU/Pods-KAJU-frameworks-${CONFIGURATION}-output-files.xcfilelist",
			);
			runOnlyForDeploymentPostprocessing = 0;
			shellPath = /bin/sh;
			shellScript = "\"${PODS_ROOT}/Target Support Files/Pods-KAJU/Pods-KAJU-frameworks.sh\"\n";
			showEnvVarsInLog = 0;
		};
		3AA7736DDFF53F3BFC6FE90B /* [CP] Check Pods Manifest.lock */ = {
			isa = PBXShellScriptBuildPhase;
			buildActionMask = 2147483647;
			files = (
			);
			inputFileListPaths = (
			);
			inputPaths = (
				"${PODS_PODFILE_DIR_PATH}/Podfile.lock",
				"${PODS_ROOT}/Manifest.lock",
			);
			name = "[CP] Check Pods Manifest.lock";
			outputFileListPaths = (
			);
			outputPaths = (
				"$(DERIVED_FILE_DIR)/Pods-KAJU-checkManifestLockResult.txt",
			);
			runOnlyForDeploymentPostprocessing = 0;
			shellPath = /bin/sh;
			shellScript = "diff \"${PODS_PODFILE_DIR_PATH}/Podfile.lock\" \"${PODS_ROOT}/Manifest.lock\" > /dev/null\nif [ $? != 0 ] ; then\n    # print error to STDERR\n    echo \"error: The sandbox is not in sync with the Podfile.lock. Run 'pod install' or update your CocoaPods installation.\" >&2\n    exit 1\nfi\n# This output is used by Xcode 'outputs' to avoid re-running this script phase.\necho \"SUCCESS\" > \"${SCRIPT_OUTPUT_FILE_0}\"\n";
			showEnvVarsInLog = 0;
		};
/* End PBXShellScriptBuildPhase section */

/* Begin PBXSourcesBuildPhase section */
		FEBF1DC22986BB4400FD4760 /* Sources */ = {
			isa = PBXSourcesBuildPhase;
			buildActionMask = 2147483647;
			files = (
				FE32926D2991AF740075A5B8 /* WelcomeViewController.swift in Sources */,
				FE95C5502992F44900BCC4A6 /* RegisterViewController.swift in Sources */,
				2D850C41299BFA8E00A525F0 /* ApiService.swift in Sources */,
				FE08EA90298F06EC008BDC6A /* CalculatorBrain.swift in Sources */,
				FEBF1DCE2986BB4400FD4760 /* EggTimerViewController.swift in Sources */,
				FE599850298B1C55002CB4DF /* CalculatorResultViewController.swift in Sources */,
				FE5E92AB298D1C5400947F7A /* BMI.swift in Sources */,
				FE5DEF5D299BC5AC00F13802 /* FoodsViewController.swift in Sources */,
				2D850C3F299BFA6F00A525F0 /* Model.swift in Sources */,
				FE1F72C529969C0D005FFC4B /* ActivenessViewController.swift in Sources */,
				FEBF1DCA2986BB4400FD4760 /* AppDelegate.swift in Sources */,
				FE59984E298B0EDF002CB4DF /* CalculatorViewController.swift in Sources */,
				FEBF1DCC2986BB4400FD4760 /* SceneDelegate.swift in Sources */,
				FE0BB00C29958C320062E096 /* GoalViewController.swift in Sources */,
				2D850C43299BFAAD00A525F0 /* FoodViewModel.swift in Sources */,
				FE41A2012997ABA200892346 /* TabBarController.swift in Sources */,
				FE1432662991E131000F762D /* LogInViewController.swift in Sources */,
				FE08EA92298F0798008BDC6A /* MainViewController.swift in Sources */,
			);
			runOnlyForDeploymentPostprocessing = 0;
		};
/* End PBXSourcesBuildPhase section */

/* Begin PBXVariantGroup section */
		FEBF1DCF2986BB4400FD4760 /* Main.storyboard */ = {
			isa = PBXVariantGroup;
			children = (
				FEBF1DD02986BB4400FD4760 /* Base */,
			);
			name = Main.storyboard;
			sourceTree = "<group>";
		};
		FEBF1DD42986BB4600FD4760 /* LaunchScreen.storyboard */ = {
			isa = PBXVariantGroup;
			children = (
				FEBF1DD52986BB4600FD4760 /* Base */,
			);
			name = LaunchScreen.storyboard;
			sourceTree = "<group>";
		};
/* End PBXVariantGroup section */

/* Begin XCBuildConfiguration section */
		FEBF1DD82986BB4600FD4760 /* Debug */ = {
			isa = XCBuildConfiguration;
			buildSettings = {
				ALWAYS_SEARCH_USER_PATHS = NO;
				CLANG_ANALYZER_NONNULL = YES;
				CLANG_ANALYZER_NUMBER_OBJECT_CONVERSION = YES_AGGRESSIVE;
				CLANG_CXX_LANGUAGE_STANDARD = "gnu++20";
				CLANG_ENABLE_MODULES = YES;
				CLANG_ENABLE_OBJC_ARC = YES;
				CLANG_ENABLE_OBJC_WEAK = YES;
				CLANG_WARN_BLOCK_CAPTURE_AUTORELEASING = YES;
				CLANG_WARN_BOOL_CONVERSION = YES;
				CLANG_WARN_COMMA = YES;
				CLANG_WARN_CONSTANT_CONVERSION = YES;
				CLANG_WARN_DEPRECATED_OBJC_IMPLEMENTATIONS = YES;
				CLANG_WARN_DIRECT_OBJC_ISA_USAGE = YES_ERROR;
				CLANG_WARN_DOCUMENTATION_COMMENTS = YES;
				CLANG_WARN_EMPTY_BODY = YES;
				CLANG_WARN_ENUM_CONVERSION = YES;
				CLANG_WARN_INFINITE_RECURSION = YES;
				CLANG_WARN_INT_CONVERSION = YES;
				CLANG_WARN_NON_LITERAL_NULL_CONVERSION = YES;
				CLANG_WARN_OBJC_IMPLICIT_RETAIN_SELF = YES;
				CLANG_WARN_OBJC_LITERAL_CONVERSION = YES;
				CLANG_WARN_OBJC_ROOT_CLASS = YES_ERROR;
				CLANG_WARN_QUOTED_INCLUDE_IN_FRAMEWORK_HEADER = YES;
				CLANG_WARN_RANGE_LOOP_ANALYSIS = YES;
				CLANG_WARN_STRICT_PROTOTYPES = YES;
				CLANG_WARN_SUSPICIOUS_MOVE = YES;
				CLANG_WARN_UNGUARDED_AVAILABILITY = YES_AGGRESSIVE;
				CLANG_WARN_UNREACHABLE_CODE = YES;
				CLANG_WARN__DUPLICATE_METHOD_MATCH = YES;
				COPY_PHASE_STRIP = NO;
				DEBUG_INFORMATION_FORMAT = dwarf;
				ENABLE_STRICT_OBJC_MSGSEND = YES;
				ENABLE_TESTABILITY = YES;
				GCC_C_LANGUAGE_STANDARD = gnu11;
				GCC_DYNAMIC_NO_PIC = NO;
				GCC_NO_COMMON_BLOCKS = YES;
				GCC_OPTIMIZATION_LEVEL = 0;
				GCC_PREPROCESSOR_DEFINITIONS = (
					"DEBUG=1",
					"$(inherited)",
				);
				GCC_WARN_64_TO_32_BIT_CONVERSION = YES;
				GCC_WARN_ABOUT_RETURN_TYPE = YES_ERROR;
				GCC_WARN_UNDECLARED_SELECTOR = YES;
				GCC_WARN_UNINITIALIZED_AUTOS = YES_AGGRESSIVE;
				GCC_WARN_UNUSED_FUNCTION = YES;
				GCC_WARN_UNUSED_VARIABLE = YES;
				IPHONEOS_DEPLOYMENT_TARGET = 16.1;
				MTL_ENABLE_DEBUG_INFO = INCLUDE_SOURCE;
				MTL_FAST_MATH = YES;
				ONLY_ACTIVE_ARCH = YES;
				SDKROOT = iphoneos;
				SWIFT_ACTIVE_COMPILATION_CONDITIONS = DEBUG;
				SWIFT_OPTIMIZATION_LEVEL = "-Onone";
			};
			name = Debug;
		};
		FEBF1DD92986BB4600FD4760 /* Release */ = {
			isa = XCBuildConfiguration;
			buildSettings = {
				ALWAYS_SEARCH_USER_PATHS = NO;
				CLANG_ANALYZER_NONNULL = YES;
				CLANG_ANALYZER_NUMBER_OBJECT_CONVERSION = YES_AGGRESSIVE;
				CLANG_CXX_LANGUAGE_STANDARD = "gnu++20";
				CLANG_ENABLE_MODULES = YES;
				CLANG_ENABLE_OBJC_ARC = YES;
				CLANG_ENABLE_OBJC_WEAK = YES;
				CLANG_WARN_BLOCK_CAPTURE_AUTORELEASING = YES;
				CLANG_WARN_BOOL_CONVERSION = YES;
				CLANG_WARN_COMMA = YES;
				CLANG_WARN_CONSTANT_CONVERSION = YES;
				CLANG_WARN_DEPRECATED_OBJC_IMPLEMENTATIONS = YES;
				CLANG_WARN_DIRECT_OBJC_ISA_USAGE = YES_ERROR;
				CLANG_WARN_DOCUMENTATION_COMMENTS = YES;
				CLANG_WARN_EMPTY_BODY = YES;
				CLANG_WARN_ENUM_CONVERSION = YES;
				CLANG_WARN_INFINITE_RECURSION = YES;
				CLANG_WARN_INT_CONVERSION = YES;
				CLANG_WARN_NON_LITERAL_NULL_CONVERSION = YES;
				CLANG_WARN_OBJC_IMPLICIT_RETAIN_SELF = YES;
				CLANG_WARN_OBJC_LITERAL_CONVERSION = YES;
				CLANG_WARN_OBJC_ROOT_CLASS = YES_ERROR;
				CLANG_WARN_QUOTED_INCLUDE_IN_FRAMEWORK_HEADER = YES;
				CLANG_WARN_RANGE_LOOP_ANALYSIS = YES;
				CLANG_WARN_STRICT_PROTOTYPES = YES;
				CLANG_WARN_SUSPICIOUS_MOVE = YES;
				CLANG_WARN_UNGUARDED_AVAILABILITY = YES_AGGRESSIVE;
				CLANG_WARN_UNREACHABLE_CODE = YES;
				CLANG_WARN__DUPLICATE_METHOD_MATCH = YES;
				COPY_PHASE_STRIP = NO;
				DEBUG_INFORMATION_FORMAT = "dwarf-with-dsym";
				ENABLE_NS_ASSERTIONS = NO;
				ENABLE_STRICT_OBJC_MSGSEND = YES;
				GCC_C_LANGUAGE_STANDARD = gnu11;
				GCC_NO_COMMON_BLOCKS = YES;
				GCC_WARN_64_TO_32_BIT_CONVERSION = YES;
				GCC_WARN_ABOUT_RETURN_TYPE = YES_ERROR;
				GCC_WARN_UNDECLARED_SELECTOR = YES;
				GCC_WARN_UNINITIALIZED_AUTOS = YES_AGGRESSIVE;
				GCC_WARN_UNUSED_FUNCTION = YES;
				GCC_WARN_UNUSED_VARIABLE = YES;
				IPHONEOS_DEPLOYMENT_TARGET = 16.1;
				MTL_ENABLE_DEBUG_INFO = NO;
				MTL_FAST_MATH = YES;
				SDKROOT = iphoneos;
				SWIFT_COMPILATION_MODE = wholemodule;
				SWIFT_OPTIMIZATION_LEVEL = "-O";
				VALIDATE_PRODUCT = YES;
			};
			name = Release;
		};
		FEBF1DDB2986BB4600FD4760 /* Debug */ = {
			isa = XCBuildConfiguration;
			baseConfigurationReference = 86387DEFE4A93B11BD601BE5 /* Pods-KAJU.debug.xcconfig */;
			buildSettings = {
				ASSETCATALOG_COMPILER_APPICON_NAME = AppIcon;
				ASSETCATALOG_COMPILER_GLOBAL_ACCENT_COLOR_NAME = AccentColor;
				CODE_SIGN_STYLE = Automatic;
				CURRENT_PROJECT_VERSION = 1;
				DEVELOPMENT_TEAM = "";
				GENERATE_INFOPLIST_FILE = YES;
				INFOPLIST_FILE = KAJU/Info.plist;
				INFOPLIST_KEY_UIApplicationSupportsIndirectInputEvents = YES;
				INFOPLIST_KEY_UILaunchStoryboardName = LaunchScreen;
				INFOPLIST_KEY_UIMainStoryboardFile = Main;
				INFOPLIST_KEY_UIStatusBarStyle = UIStatusBarStyleDarkContent;
				INFOPLIST_KEY_UISupportedInterfaceOrientations = "UIInterfaceOrientationPortrait UIInterfaceOrientationPortraitUpsideDown";
				IPHONEOS_DEPLOYMENT_TARGET = 14.7;
				LD_RUNPATH_SEARCH_PATHS = (
					"$(inherited)",
					"@executable_path/Frameworks",
				);
				MARKETING_VERSION = 1.0;
				PRODUCT_BUNDLE_IDENTIFIER = com.duhanboblanli.KAJU;
				PRODUCT_NAME = "$(TARGET_NAME)";
				SWIFT_EMIT_LOC_STRINGS = YES;
				SWIFT_VERSION = 5.0;
				TARGETED_DEVICE_FAMILY = "1,2";
			};
			name = Debug;
		};
		FEBF1DDC2986BB4600FD4760 /* Release */ = {
			isa = XCBuildConfiguration;
			baseConfigurationReference = 19C1B6341DC89EDF1E04D0D4 /* Pods-KAJU.release.xcconfig */;
			buildSettings = {
				ASSETCATALOG_COMPILER_APPICON_NAME = AppIcon;
				ASSETCATALOG_COMPILER_GLOBAL_ACCENT_COLOR_NAME = AccentColor;
				CODE_SIGN_STYLE = Automatic;
				CURRENT_PROJECT_VERSION = 1;
				DEVELOPMENT_TEAM = "";
				GENERATE_INFOPLIST_FILE = YES;
				INFOPLIST_FILE = KAJU/Info.plist;
				INFOPLIST_KEY_UIApplicationSupportsIndirectInputEvents = YES;
				INFOPLIST_KEY_UILaunchStoryboardName = LaunchScreen;
				INFOPLIST_KEY_UIMainStoryboardFile = Main;
				INFOPLIST_KEY_UIStatusBarStyle = UIStatusBarStyleDarkContent;
				INFOPLIST_KEY_UISupportedInterfaceOrientations = "UIInterfaceOrientationPortrait UIInterfaceOrientationPortraitUpsideDown";
				IPHONEOS_DEPLOYMENT_TARGET = 14.7;
				LD_RUNPATH_SEARCH_PATHS = (
					"$(inherited)",
					"@executable_path/Frameworks",
				);
				MARKETING_VERSION = 1.0;
				PRODUCT_BUNDLE_IDENTIFIER = com.duhanboblanli.KAJU;
				PRODUCT_NAME = "$(TARGET_NAME)";
				SWIFT_EMIT_LOC_STRINGS = YES;
				SWIFT_VERSION = 5.0;
				TARGETED_DEVICE_FAMILY = "1,2";
			};
			name = Release;
		};
/* End XCBuildConfiguration section */

/* Begin XCConfigurationList section */
		FEBF1DC12986BB4400FD4760 /* Build configuration list for PBXProject "KAJU" */ = {
			isa = XCConfigurationList;
			buildConfigurations = (
				FEBF1DD82986BB4600FD4760 /* Debug */,
				FEBF1DD92986BB4600FD4760 /* Release */,
			);
			defaultConfigurationIsVisible = 0;
			defaultConfigurationName = Release;
		};
		FEBF1DDA2986BB4600FD4760 /* Build configuration list for PBXNativeTarget "KAJU" */ = {
			isa = XCConfigurationList;
			buildConfigurations = (
				FEBF1DDB2986BB4600FD4760 /* Debug */,
				FEBF1DDC2986BB4600FD4760 /* Release */,
			);
			defaultConfigurationIsVisible = 0;
			defaultConfigurationName = Release;
		};
/* End XCConfigurationList section */

/* Begin XCRemoteSwiftPackageReference section */
		FE5DEF57299ADE7900F13802 /* XCRemoteSwiftPackageReference "IQKeyboardManager" */ = {
			isa = XCRemoteSwiftPackageReference;
			repositoryURL = "https://github.com/hackiftekhar/IQKeyboardManager";
			requirement = {
				branch = master;
				kind = branch;
			};
		};
/* End XCRemoteSwiftPackageReference section */

/* Begin XCSwiftPackageProductDependency section */
		FE5DEF58299ADE7900F13802 /* IQKeyboardManagerSwift */ = {
			isa = XCSwiftPackageProductDependency;
			package = FE5DEF57299ADE7900F13802 /* XCRemoteSwiftPackageReference "IQKeyboardManager" */;
			productName = IQKeyboardManagerSwift;
		};
/* End XCSwiftPackageProductDependency section */
	};
	rootObject = FEBF1DBE2986BB4400FD4760 /* Project object */;
}
